
Microsoft Visual Studio Solution File, Format Version 9.00
# Visual Studio 2005
Project("{8BC9CEB8-8B4A-11D0-8D11-00A0C91BC942}") = "AccountService", "AccountService.vcproj", "{94A8F57F-F564-4D10-81B2-9D6341BC5398}"
EndProject
Project("{8BC9CEB8-8B4A-11D0-8D11-00A0C91BC942}") = "AccountServiceTest", "tests\AccountServiceTest.vcproj", "{8DE811C9-77B4-4928-8EB0-DF0C6B10799E}"
EndProject
Global
	GlobalSection(SolutionConfigurationPlatforms) = preSolution
		Debug|Win32 = Debug|Win32
		Release|Win32 = Release|Win32
	EndGlobalSection
	GlobalSection(ProjectConfigurationPlatforms) = postSolution
		{94A8F57F-F564-4D10-81B2-9D6341BC5398}.Debug|Win32.ActiveCfg = Debug|Win32
		{94A8F57F-F564-4D10-81B2-9D6341BC5398}.Debug|Win32.Build.0 = Debug|Win32
		{94A8F57F-F564-4D10-81B2-9D6341BC5398}.Release|Win32.ActiveCfg = Release|Win32
		{94A8F57F-F564-4D10-81B2-9D6341BC5398}.Release|Win32.Build.0 = Release|Win32
		{8DE811C9-77B4-4928-8EB0-DF0C6B10799E}.Debug|Win32.ActiveCfg = Debug|Win32
		{8DE811C9-77B4-4928-8EB0-DF0C6B10799E}.Debug|Win32.Build.0 = Debug|Win32
		{8DE811C9-77B4-4928-8EB0-DF0C6B10799E}.Release|Win32.ActiveCfg = Release|Win32
		{8DE811C9-77B4-4928-8EB0-DF0C6B10799E}.Release|Win32.Build.0 = Release|Win32
	EndGlobalSection
	GlobalSection(SolutionProperties) = preSolution
		HideSolutionNode = FALSE
	EndGlobalSection
EndGlobal
